schema: '2.0'
stages:
  full_pipeline:
    cmd: python main.py
    deps:
    - path: data/raw/liver_cirrhosis.csv
      hash: md5
      md5: c6d186a16d1f2d34c76387fbfef2d992
      size: 2352559
    - path: main.py
      hash: md5
      md5: d521ec61fa96552d6bb39407d7111a6c
      size: 719
    - path: src/data.py
      hash: md5
      md5: dc10b5cde9cfd6a43a1b7c069c961db8
      size: 1902
    - path: src/evaluate.py
      hash: md5
      md5: 5df6c77889b92e7db5e4ca0d55a3b914
      size: 983
    - path: src/features.py
      hash: md5
      md5: 8da40f877a494a59a425d62180cc5539
      size: 1109
    - path: src/model.py
      hash: md5
      md5: 4da36e5be2acfe95a6123df41854db99
      size: 807
    outs:
    - path: data/processed/processed_data.csv
      hash: md5
      md5: 2901e3b4abd21c277c7cce2d74ac51fa
      size: 1391746
    - path: models/model.json
      hash: md5
      md5: 85492366ceb4400e561b3fd22ca29ead
      size: 2989839
    - path: models/processing.pkl
      hash: md5
      md5: 4fb6c8735930c535ec79e4a208252b5b
      size: 41
  preprocess:
    cmd: python -m src.data
    deps:
    - path: config.yaml
      hash: md5
      md5: e39f4854d1b55f0cbc971822dcf11fb6
      size: 321
    - path: data/raw/liver_cirrhosis.csv
      hash: md5
      md5: c6d186a16d1f2d34c76387fbfef2d992
      size: 2352559
    - path: src/data.py
      hash: md5
      md5: 32cfef08a3d2a81be2b6efb433546643
      size: 1746
    outs:
    - path: data/processed/processed_data.csv
      hash: md5
      md5: 1eced814b5a932e32aea0480bcbb6021
      size: 2077139
    - path: models/processing.pkl
      hash: md5
      md5: ed1b1b108cf64596c13b63db29cad3a6
      size: 41
  split:
    cmd: python -m src.features
    deps:
    - path: config.yaml
      hash: md5
      md5: e39f4854d1b55f0cbc971822dcf11fb6
      size: 321
    - path: data/processed/processed_data.csv
      hash: md5
      md5: 1eced814b5a932e32aea0480bcbb6021
      size: 2077139
    - path: src/features.py
      hash: md5
      md5: 8da40f877a494a59a425d62180cc5539
      size: 1109
