schema: '2.0'
stages:
  full_pipeline:
    cmd: python main.py
    deps:
    - path: data/raw/liver_cirrhosis.csv
      hash: md5
      md5: c6d186a16d1f2d34c76387fbfef2d992
      size: 2352559
    - path: main.py
      hash: md5
      md5: 4d4a15cf5ba8770e4409ab7e32626005
      size: 694
    - path: src/data.py
      hash: md5
      md5: 871f7507c7817fd9d74b6a068f6c30d4
      size: 1313
    - path: src/evaluate.py
      hash: md5
      md5: 21335c3f6c3b4decc6f5d53e8ecddfbc
      size: 897
    - path: src/features.py
      hash: md5
      md5: ea5c8cc8e3e5c6da933b1ff1daae27a5
      size: 1084
    - path: src/model.py
      hash: md5
      md5: c7ec5a14e1eefdb42b972f0b9eb091ac
      size: 737
    outs:
    - path: data/processed/processed_data.csv
      hash: md5
      md5: 1eced814b5a932e32aea0480bcbb6021
      size: 2077139
    - path: models/model.json
      hash: md5
      md5: 616829ef7e34d7edd17791e82f987269
      size: 2918717
