schema: '2.0'
stages:
  full_pipeline:
    cmd: python main.py
    deps:
    - path: data/raw/liver_cirrhosis.csv
      hash: md5
      md5: c6d186a16d1f2d34c76387fbfef2d992
      size: 2352559
    - path: main.py
      hash: md5
      md5: 2321400680f067e1d31e21f6407c9117
      size: 831
    - path: src/data.py
      hash: md5
      md5: 19b0fc89cae8dd51274bf893444eeee4
      size: 1329
    - path: src/evaluate.py
      hash: md5
      md5: e975628b958f0a361ef8ee6e9c93a180
      size: 1250
    - path: src/features.py
      hash: md5
      md5: 4263a1454411a861f9ad927a9d4ea583
      size: 1061
    - path: src/model.py
      hash: md5
      md5: e9d11163e079b76d399f0c0d8b151e82
      size: 825
    outs:
    - path: data/processed/processed_data.csv
      hash: md5
      md5: 1eced814b5a932e32aea0480bcbb6021
      size: 2077139
    - path: models/model.pkl
      hash: md5
      md5: 783f3926aafd10d833eaf415958d7b30
      size: 1966376
